
Microsoft Visual Studio Solution File, Format Version 12.00
# Visual Studio Express 2012 for Windows Desktop
Project("{911E67C6-3D85-4FCE-B560-20A9C3E3FF48}") = "Paddel_d", "Paddel_d.exe", "{6B6E3D8B-B5E0-4A02-A9BA-AB1E5475C99D}"
	ProjectSection(DebuggerProjectSystem) = preProject
		PortSupplier = 00000000-0000-0000-0000-000000000000
		Executable = C:\Users\Paddel\Desktop\Sourcen\Paddel\Paddel_d.exe
		RemoteMachine = PADDEL-PC
		StartingDirectory = C:\Users\Paddel\Desktop\Sourcen\Paddel
		Environment = Standard
		LaunchingEngine = 00000000-0000-0000-0000-000000000000
		LaunchSQLEngine = No
		AttachLaunchAction = No
	EndProjectSection
EndProject
Global
	GlobalSection(SolutionConfigurationPlatforms) = preSolution
		Debug|x86 = Debug|x86
	EndGlobalSection
	GlobalSection(ProjectConfigurationPlatforms) = postSolution
		{6B6E3D8B-B5E0-4A02-A9BA-AB1E5475C99D}.Debug|x86.ActiveCfg = Debug|x86
	EndGlobalSection
	GlobalSection(SolutionProperties) = preSolution
		HideSolutionNode = FALSE
	EndGlobalSection
EndGlobal
